
Microsoft Visual Studio Solution File, Format Version 12.00
# Visual Studio Version 17
VisualStudioVersion = 17.4.33213.308
MinimumVisualStudioVersion = 10.0.40219.1
Project("{FAE04EC0-301F-11D3-BF4B-00C04F79EFBC}") = "bai2.3", "bai2.3\bai2.3.csproj", "{168B5722-30F8-4D07-BB4D-81FBB411F767}"
EndProject
Global
	GlobalSection(SolutionConfigurationPlatforms) = preSolution
		Debug|Any CPU = Debug|Any CPU
		Release|Any CPU = Release|Any CPU
	EndGlobalSection
	GlobalSection(ProjectConfigurationPlatforms) = postSolution
		{168B5722-30F8-4D07-BB4D-81FBB411F767}.Debug|Any CPU.ActiveCfg = Debug|Any CPU
		{168B5722-30F8-4D07-BB4D-81FBB411F767}.Debug|Any CPU.Build.0 = Debug|Any CPU
		{168B5722-30F8-4D07-BB4D-81FBB411F767}.Release|Any CPU.ActiveCfg = Release|Any CPU
		{168B5722-30F8-4D07-BB4D-81FBB411F767}.Release|Any CPU.Build.0 = Release|Any CPU
	EndGlobalSection
	GlobalSection(SolutionProperties) = preSolution
		HideSolutionNode = FALSE
	EndGlobalSection
	GlobalSection(ExtensibilityGlobals) = postSolution
		SolutionGuid = {8B51560E-94A1-479B-BA20-F834FC32DB5F}
	EndGlobalSection
EndGlobal
