
Microsoft Visual Studio Solution File, Format Version 12.00
# Visual Studio Version 17
VisualStudioVersion = 17.4.33213.308
MinimumVisualStudioVersion = 10.0.40219.1
Project("{FAE04EC0-301F-11D3-BF4B-00C04F79EFBC}") = "shape2", "shape2\shape2.csproj", "{04BBDE87-F77C-40A1-BC78-4027E4F5E6FD}"
EndProject
Global
	GlobalSection(SolutionConfigurationPlatforms) = preSolution
		Debug|Any CPU = Debug|Any CPU
		Release|Any CPU = Release|Any CPU
	EndGlobalSection
	GlobalSection(ProjectConfigurationPlatforms) = postSolution
		{04BBDE87-F77C-40A1-BC78-4027E4F5E6FD}.Debug|Any CPU.ActiveCfg = Debug|Any CPU
		{04BBDE87-F77C-40A1-BC78-4027E4F5E6FD}.Debug|Any CPU.Build.0 = Debug|Any CPU
		{04BBDE87-F77C-40A1-BC78-4027E4F5E6FD}.Release|Any CPU.ActiveCfg = Release|Any CPU
		{04BBDE87-F77C-40A1-BC78-4027E4F5E6FD}.Release|Any CPU.Build.0 = Release|Any CPU
	EndGlobalSection
	GlobalSection(SolutionProperties) = preSolution
		HideSolutionNode = FALSE
	EndGlobalSection
	GlobalSection(ExtensibilityGlobals) = postSolution
		SolutionGuid = {BC572311-403E-420F-B92D-353C3B584C5C}
	EndGlobalSection
EndGlobal
