
Microsoft Visual Studio Solution File, Format Version 12.00
# Visual Studio Version 17
VisualStudioVersion = 17.4.33213.308
MinimumVisualStudioVersion = 10.0.40219.1
Project("{FAE04EC0-301F-11D3-BF4B-00C04F79EFBC}") = "bai2.5", "bai2.5\bai2.5.csproj", "{B5D71118-93FB-4013-8237-CE9BB136D46C}"
EndProject
Global
	GlobalSection(SolutionConfigurationPlatforms) = preSolution
		Debug|Any CPU = Debug|Any CPU
		Release|Any CPU = Release|Any CPU
	EndGlobalSection
	GlobalSection(ProjectConfigurationPlatforms) = postSolution
		{B5D71118-93FB-4013-8237-CE9BB136D46C}.Debug|Any CPU.ActiveCfg = Debug|Any CPU
		{B5D71118-93FB-4013-8237-CE9BB136D46C}.Debug|Any CPU.Build.0 = Debug|Any CPU
		{B5D71118-93FB-4013-8237-CE9BB136D46C}.Release|Any CPU.ActiveCfg = Release|Any CPU
		{B5D71118-93FB-4013-8237-CE9BB136D46C}.Release|Any CPU.Build.0 = Release|Any CPU
	EndGlobalSection
	GlobalSection(SolutionProperties) = preSolution
		HideSolutionNode = FALSE
	EndGlobalSection
	GlobalSection(ExtensibilityGlobals) = postSolution
		SolutionGuid = {179AF4DF-A3E1-45D1-B25B-C62BAA86B4BD}
	EndGlobalSection
EndGlobal
